
Microsoft Visual Studio Solution File, Format Version 12.00
# Visual Studio Version 17
VisualStudioVersion = 17.6.33801.468
MinimumVisualStudioVersion = 10.0.40219.1
Project("{9A19103F-16F7-4668-BE54-9A1E7A4F7556}") = "ExpressJobApi", "ExpressJobApi\ExpressJobApi.csproj", "{A0A006E4-3B66-4594-8A52-CFBEC3FF1214}"
EndProject
Project("{9A19103F-16F7-4668-BE54-9A1E7A4F7556}") = "Job.Data", "Job.Data\Job.Data.csproj", "{75F95446-A65A-4F01-8FF9-6572ACC22354}"
EndProject
Project("{FAE04EC0-301F-11D3-BF4B-00C04F79EFBC}") = "Job.Core", "Job.Core\Job.Core.csproj", "{A03647C8-1E8D-405A-9480-7BB313D2867F}"
EndProject
Project("{FAE04EC0-301F-11D3-BF4B-00C04F79EFBC}") = "Job.Service", "Job.Service\Job.Service.csproj", "{59B3800C-2E52-4774-8874-5E70DC7F528D}"
EndProject
Global
	GlobalSection(SolutionConfigurationPlatforms) = preSolution
		Debug|Any CPU = Debug|Any CPU
		Release|Any CPU = Release|Any CPU
	EndGlobalSection
	GlobalSection(ProjectConfigurationPlatforms) = postSolution
		{A0A006E4-3B66-4594-8A52-CFBEC3FF1214}.Debug|Any CPU.ActiveCfg = Debug|Any CPU
		{A0A006E4-3B66-4594-8A52-CFBEC3FF1214}.Debug|Any CPU.Build.0 = Debug|Any CPU
		{A0A006E4-3B66-4594-8A52-CFBEC3FF1214}.Release|Any CPU.ActiveCfg = Release|Any CPU
		{A0A006E4-3B66-4594-8A52-CFBEC3FF1214}.Release|Any CPU.Build.0 = Release|Any CPU
		{75F95446-A65A-4F01-8FF9-6572ACC22354}.Debug|Any CPU.ActiveCfg = Debug|Any CPU
		{75F95446-A65A-4F01-8FF9-6572ACC22354}.Debug|Any CPU.Build.0 = Debug|Any CPU
		{75F95446-A65A-4F01-8FF9-6572ACC22354}.Release|Any CPU.ActiveCfg = Release|Any CPU
		{75F95446-A65A-4F01-8FF9-6572ACC22354}.Release|Any CPU.Build.0 = Release|Any CPU
		{A03647C8-1E8D-405A-9480-7BB313D2867F}.Debug|Any CPU.ActiveCfg = Debug|Any CPU
		{A03647C8-1E8D-405A-9480-7BB313D2867F}.Debug|Any CPU.Build.0 = Debug|Any CPU
		{A03647C8-1E8D-405A-9480-7BB313D2867F}.Release|Any CPU.ActiveCfg = Release|Any CPU
		{A03647C8-1E8D-405A-9480-7BB313D2867F}.Release|Any CPU.Build.0 = Release|Any CPU
		{59B3800C-2E52-4774-8874-5E70DC7F528D}.Debug|Any CPU.ActiveCfg = Debug|Any CPU
		{59B3800C-2E52-4774-8874-5E70DC7F528D}.Debug|Any CPU.Build.0 = Debug|Any CPU
		{59B3800C-2E52-4774-8874-5E70DC7F528D}.Release|Any CPU.ActiveCfg = Release|Any CPU
		{59B3800C-2E52-4774-8874-5E70DC7F528D}.Release|Any CPU.Build.0 = Release|Any CPU
	EndGlobalSection
	GlobalSection(SolutionProperties) = preSolution
		HideSolutionNode = FALSE
	EndGlobalSection
	GlobalSection(ExtensibilityGlobals) = postSolution
		SolutionGuid = {5CB1C5DF-256B-46E2-947E-446A8BDA255A}
	EndGlobalSection
EndGlobal
